
Microsoft Visual Studio Solution File, Format Version 12.00
# Visual Studio Version 16
VisualStudioVersion = 16.0.31229.75
MinimumVisualStudioVersion = 10.0.40219.1
Project("{FAE04EC0-301F-11D3-BF4B-00C04F79EFBC}") = "BroadcastEX", "BroadcastEX\BroadcastEX.csproj", "{DFD1C57E-0C51-4EED-9552-19563C2C6FF6}"
EndProject
Global
	GlobalSection(SolutionConfigurationPlatforms) = preSolution
		Debug|Any CPU = Debug|Any CPU
		Release|Any CPU = Release|Any CPU
	EndGlobalSection
	GlobalSection(ProjectConfigurationPlatforms) = postSolution
		{DFD1C57E-0C51-4EED-9552-19563C2C6FF6}.Debug|Any CPU.ActiveCfg = Debug|Any CPU
		{DFD1C57E-0C51-4EED-9552-19563C2C6FF6}.Debug|Any CPU.Build.0 = Debug|Any CPU
		{DFD1C57E-0C51-4EED-9552-19563C2C6FF6}.Debug|Any CPU.Deploy.0 = Debug|Any CPU
		{DFD1C57E-0C51-4EED-9552-19563C2C6FF6}.Release|Any CPU.ActiveCfg = Release|Any CPU
		{DFD1C57E-0C51-4EED-9552-19563C2C6FF6}.Release|Any CPU.Build.0 = Release|Any CPU
		{DFD1C57E-0C51-4EED-9552-19563C2C6FF6}.Release|Any CPU.Deploy.0 = Release|Any CPU
	EndGlobalSection
	GlobalSection(SolutionProperties) = preSolution
		HideSolutionNode = FALSE
	EndGlobalSection
	GlobalSection(ExtensibilityGlobals) = postSolution
		SolutionGuid = {B76F6A95-0720-4F2B-8B59-FBB921C577AE}
	EndGlobalSection
EndGlobal
