
Microsoft Visual Studio Solution File, Format Version 12.00
# Visual Studio 15
VisualStudioVersion = 15.0.28307.572
MinimumVisualStudioVersion = 10.0.40219.1
Project("{FAE04EC0-301F-11D3-BF4B-00C04F79EFBC}") = "2oBi_AV1", "2oBi_AV1\2oBi_AV1.csproj", "{D76424AD-1E87-485A-94B9-17D85D679690}"
EndProject
Global
	GlobalSection(SolutionConfigurationPlatforms) = preSolution
		Debug|Any CPU = Debug|Any CPU
		Release|Any CPU = Release|Any CPU
	EndGlobalSection
	GlobalSection(ProjectConfigurationPlatforms) = postSolution
		{D76424AD-1E87-485A-94B9-17D85D679690}.Debug|Any CPU.ActiveCfg = Debug|Any CPU
		{D76424AD-1E87-485A-94B9-17D85D679690}.Debug|Any CPU.Build.0 = Debug|Any CPU
		{D76424AD-1E87-485A-94B9-17D85D679690}.Debug|Any CPU.Deploy.0 = Debug|Any CPU
		{D76424AD-1E87-485A-94B9-17D85D679690}.Release|Any CPU.ActiveCfg = Release|Any CPU
		{D76424AD-1E87-485A-94B9-17D85D679690}.Release|Any CPU.Build.0 = Release|Any CPU
		{D76424AD-1E87-485A-94B9-17D85D679690}.Release|Any CPU.Deploy.0 = Release|Any CPU
	EndGlobalSection
	GlobalSection(SolutionProperties) = preSolution
		HideSolutionNode = FALSE
	EndGlobalSection
	GlobalSection(ExtensibilityGlobals) = postSolution
		SolutionGuid = {B22C5897-67BA-41F5-B6F3-0D3AFF999A08}
	EndGlobalSection
EndGlobal
